
Microsoft Visual Studio Solution File, Format Version 12.00
# Visual Studio Version 17
VisualStudioVersion = 17.4.33110.190
MinimumVisualStudioVersion = 10.0.40219.1
Project("{FAE04EC0-301F-11D3-BF4B-00C04F79EFBC}") = "Nav-Layouts.Android", "Nav-Layouts\Nav-Layouts.Android\Nav-Layouts.Android.csproj", "{A76032E0-E735-4C5C-A66F-7FD0242480C7}"
EndProject
Project("{FAE04EC0-301F-11D3-BF4B-00C04F79EFBC}") = "Nav-Layouts.iOS", "Nav-Layouts\Nav-Layouts.iOS\Nav-Layouts.iOS.csproj", "{D0325BE2-9D75-4166-BA51-C5A5C7C0964E}"
EndProject
Project("{FAE04EC0-301F-11D3-BF4B-00C04F79EFBC}") = "Nav-Layouts", "Nav-Layouts\Nav-Layouts\Nav-Layouts.csproj", "{2A639F3D-0F02-45F4-BC62-8C9450F5CC47}"
EndProject
Global
	GlobalSection(SolutionConfigurationPlatforms) = preSolution
		Debug|Any CPU = Debug|Any CPU
		Debug|iPhone = Debug|iPhone
		Debug|iPhoneSimulator = Debug|iPhoneSimulator
		Release|Any CPU = Release|Any CPU
		Release|iPhone = Release|iPhone
		Release|iPhoneSimulator = Release|iPhoneSimulator
	EndGlobalSection
	GlobalSection(ProjectConfigurationPlatforms) = postSolution
		{A76032E0-E735-4C5C-A66F-7FD0242480C7}.Debug|Any CPU.ActiveCfg = Debug|Any CPU
		{A76032E0-E735-4C5C-A66F-7FD0242480C7}.Debug|Any CPU.Build.0 = Debug|Any CPU
		{A76032E0-E735-4C5C-A66F-7FD0242480C7}.Debug|Any CPU.Deploy.0 = Debug|Any CPU
		{A76032E0-E735-4C5C-A66F-7FD0242480C7}.Debug|iPhone.ActiveCfg = Debug|Any CPU
		{A76032E0-E735-4C5C-A66F-7FD0242480C7}.Debug|iPhone.Build.0 = Debug|Any CPU
		{A76032E0-E735-4C5C-A66F-7FD0242480C7}.Debug|iPhone.Deploy.0 = Debug|Any CPU
		{A76032E0-E735-4C5C-A66F-7FD0242480C7}.Debug|iPhoneSimulator.ActiveCfg = Debug|Any CPU
		{A76032E0-E735-4C5C-A66F-7FD0242480C7}.Debug|iPhoneSimulator.Build.0 = Debug|Any CPU
		{A76032E0-E735-4C5C-A66F-7FD0242480C7}.Debug|iPhoneSimulator.Deploy.0 = Debug|Any CPU
		{A76032E0-E735-4C5C-A66F-7FD0242480C7}.Release|Any CPU.ActiveCfg = Release|Any CPU
		{A76032E0-E735-4C5C-A66F-7FD0242480C7}.Release|Any CPU.Build.0 = Release|Any CPU
		{A76032E0-E735-4C5C-A66F-7FD0242480C7}.Release|Any CPU.Deploy.0 = Release|Any CPU
		{A76032E0-E735-4C5C-A66F-7FD0242480C7}.Release|iPhone.ActiveCfg = Release|Any CPU
		{A76032E0-E735-4C5C-A66F-7FD0242480C7}.Release|iPhone.Build.0 = Release|Any CPU
		{A76032E0-E735-4C5C-A66F-7FD0242480C7}.Release|iPhone.Deploy.0 = Release|Any CPU
		{A76032E0-E735-4C5C-A66F-7FD0242480C7}.Release|iPhoneSimulator.ActiveCfg = Release|Any CPU
		{A76032E0-E735-4C5C-A66F-7FD0242480C7}.Release|iPhoneSimulator.Build.0 = Release|Any CPU
		{A76032E0-E735-4C5C-A66F-7FD0242480C7}.Release|iPhoneSimulator.Deploy.0 = Release|Any CPU
		{D0325BE2-9D75-4166-BA51-C5A5C7C0964E}.Debug|Any CPU.ActiveCfg = Debug|iPhone
		{D0325BE2-9D75-4166-BA51-C5A5C7C0964E}.Debug|Any CPU.Build.0 = Debug|iPhone
		{D0325BE2-9D75-4166-BA51-C5A5C7C0964E}.Debug|Any CPU.Deploy.0 = Debug|iPhone
		{D0325BE2-9D75-4166-BA51-C5A5C7C0964E}.Debug|iPhone.ActiveCfg = Debug|iPhone
		{D0325BE2-9D75-4166-BA51-C5A5C7C0964E}.Debug|iPhone.Build.0 = Debug|iPhone
		{D0325BE2-9D75-4166-BA51-C5A5C7C0964E}.Debug|iPhone.Deploy.0 = Debug|iPhone
		{D0325BE2-9D75-4166-BA51-C5A5C7C0964E}.Debug|iPhoneSimulator.ActiveCfg = Debug|iPhoneSimulator
		{D0325BE2-9D75-4166-BA51-C5A5C7C0964E}.Debug|iPhoneSimulator.Build.0 = Debug|iPhoneSimulator
		{D0325BE2-9D75-4166-BA51-C5A5C7C0964E}.Debug|iPhoneSimulator.Deploy.0 = Debug|iPhoneSimulator
		{D0325BE2-9D75-4166-BA51-C5A5C7C0964E}.Release|Any CPU.ActiveCfg = Release|iPhoneSimulator
		{D0325BE2-9D75-4166-BA51-C5A5C7C0964E}.Release|Any CPU.Build.0 = Release|iPhoneSimulator
		{D0325BE2-9D75-4166-BA51-C5A5C7C0964E}.Release|Any CPU.Deploy.0 = Release|iPhoneSimulator
		{D0325BE2-9D75-4166-BA51-C5A5C7C0964E}.Release|iPhone.ActiveCfg = Release|iPhone
		{D0325BE2-9D75-4166-BA51-C5A5C7C0964E}.Release|iPhone.Build.0 = Release|iPhone
		{D0325BE2-9D75-4166-BA51-C5A5C7C0964E}.Release|iPhone.Deploy.0 = Release|iPhone
		{D0325BE2-9D75-4166-BA51-C5A5C7C0964E}.Release|iPhoneSimulator.ActiveCfg = Release|iPhoneSimulator
		{D0325BE2-9D75-4166-BA51-C5A5C7C0964E}.Release|iPhoneSimulator.Build.0 = Release|iPhoneSimulator
		{D0325BE2-9D75-4166-BA51-C5A5C7C0964E}.Release|iPhoneSimulator.Deploy.0 = Release|iPhoneSimulator
		{2A639F3D-0F02-45F4-BC62-8C9450F5CC47}.Debug|Any CPU.ActiveCfg = Debug|Any CPU
		{2A639F3D-0F02-45F4-BC62-8C9450F5CC47}.Debug|Any CPU.Build.0 = Debug|Any CPU
		{2A639F3D-0F02-45F4-BC62-8C9450F5CC47}.Debug|Any CPU.Deploy.0 = Debug|Any CPU
		{2A639F3D-0F02-45F4-BC62-8C9450F5CC47}.Debug|iPhone.ActiveCfg = Debug|Any CPU
		{2A639F3D-0F02-45F4-BC62-8C9450F5CC47}.Debug|iPhone.Build.0 = Debug|Any CPU
		{2A639F3D-0F02-45F4-BC62-8C9450F5CC47}.Debug|iPhone.Deploy.0 = Debug|Any CPU
		{2A639F3D-0F02-45F4-BC62-8C9450F5CC47}.Debug|iPhoneSimulator.ActiveCfg = Debug|Any CPU
		{2A639F3D-0F02-45F4-BC62-8C9450F5CC47}.Debug|iPhoneSimulator.Build.0 = Debug|Any CPU
		{2A639F3D-0F02-45F4-BC62-8C9450F5CC47}.Debug|iPhoneSimulator.Deploy.0 = Debug|Any CPU
		{2A639F3D-0F02-45F4-BC62-8C9450F5CC47}.Release|Any CPU.ActiveCfg = Release|Any CPU
		{2A639F3D-0F02-45F4-BC62-8C9450F5CC47}.Release|Any CPU.Build.0 = Release|Any CPU
		{2A639F3D-0F02-45F4-BC62-8C9450F5CC47}.Release|Any CPU.Deploy.0 = Release|Any CPU
		{2A639F3D-0F02-45F4-BC62-8C9450F5CC47}.Release|iPhone.ActiveCfg = Release|Any CPU
		{2A639F3D-0F02-45F4-BC62-8C9450F5CC47}.Release|iPhone.Build.0 = Release|Any CPU
		{2A639F3D-0F02-45F4-BC62-8C9450F5CC47}.Release|iPhone.Deploy.0 = Release|Any CPU
		{2A639F3D-0F02-45F4-BC62-8C9450F5CC47}.Release|iPhoneSimulator.ActiveCfg = Release|Any CPU
		{2A639F3D-0F02-45F4-BC62-8C9450F5CC47}.Release|iPhoneSimulator.Build.0 = Release|Any CPU
		{2A639F3D-0F02-45F4-BC62-8C9450F5CC47}.Release|iPhoneSimulator.Deploy.0 = Release|Any CPU
	EndGlobalSection
	GlobalSection(SolutionProperties) = preSolution
		HideSolutionNode = FALSE
	EndGlobalSection
	GlobalSection(ExtensibilityGlobals) = postSolution
		SolutionGuid = {D72FE538-8BD1-478D-815C-5B1017BCAFA5}
	EndGlobalSection
EndGlobal
